NeoBundleLock DirDiff.vim 6c111f8b10c464afa45c6b62820bf3b50828c627
NeoBundleLock MatchTag 38250f4560f78a45f9fa0772faaba35894aa90bd
NeoBundleLock YouCompleteMe e1ead995c13fe20989ee3d69fd76b20c5fff5d5b
NeoBundleLock coverage.vim adcefb37c8d0f6749a7737417045323ef0676b11
NeoBundleLock delimitMate 728b57a6564c1d2bdfb9b9e0f2f8c5ba3d7e0c5c
NeoBundleLock html5.vim 3db896baa26839b866db3db5d8997cc830874a24
NeoBundleLock javascript-libraries-syntax.vim 2f812813cda79a3fbd53a50c57441fe58d3109cd
NeoBundleLock neobundle.vim 26d03781886ed887e390d4ad8b935987754b1c2c
NeoBundleLock neomru.vim 97540f54fa20b94daf306f0c1f3cce983bbf7a1d
NeoBundleLock neoyank.vim ea3cd47ccb40cb2e26cb607d28475aa0fdb26fef
NeoBundleLock nerdtree d6032c876c6d6932ab7f07e262a16c9a85a31d5b
NeoBundleLock syntastic 9e1b2a8620a0ff48a9f4e42a6e09b65a34ad2a6a
NeoBundleLock tcomment_vim 2c1c1a6a685e006565c9b0db85df8bda71caaa30
NeoBundleLock tlib 56c58fd2f90793a8eaffa9a7182259ae7a8dc93a
NeoBundleLock typescript-vim e25636b44211a4be7b089bfed7cf09aa7dd086f5
NeoBundleLock ultisnips 6fdc3647f72e0a1f321ea6bd092ecd01f7c187ba
NeoBundleLock unite.vim c175ba7df239a5971e4c189ecbc9486b160fbde2
NeoBundleLock vim-airline b790fd212088c0c882f16416f07cbd6035882028
NeoBundleLock vim-airline-themes b35f952a6ae6768ae2c6a9f4febc7945cc311f74
NeoBundleLock vim-arpeggio aa89fc8c40c54ebcaabc6933119a25ca7af65f58
NeoBundleLock vim-closetag 17367f433e095a66a8a885ab628033ce2a635aa1
NeoBundleLock vim-colors-solarized 528a59f26d12278698bb946f8fb82a63711eec21
NeoBundleLock vim-css3-syntax 4285ca74a3295305bae71bd53f3a4cb03c070e4c
NeoBundleLock vim-fugitive 8fa5cad8d7502be2f3438d02f353ab62264d358e
NeoBundleLock vim-javascript-syntax 139ec9080f219536a94281aef7980654ab7c1a1c
NeoBundleLock vim-json 3727f089410e23ae113be6222e8a08dd2613ecf2
NeoBundleLock vim-jsx 52ee8bb9f4b53e9bcb38c95f9839ec983bcf7f9d
NeoBundleLock vim-markdown e2d7fcd682a461a3951e8b5067cc8a0083e75e35
NeoBundleLock vim-monokai f55dfa5100a1bde99f67c85db42172ec4f5ef066
NeoBundleLock vim-mustache-handlebars d1c983f3dd9a159c128c5192062caf7d47fd0f14
NeoBundleLock vim-repeat 8106e142dfdc278ff3eaaadd7b362ad7949d4357
NeoBundleLock vim-snippets 62f46770378ab899f40c334de264ccd64dc2db57
NeoBundleLock vim-stylus 0514757a4795843978517ee73d7fa7d8bf2e5545
NeoBundleLock vim-surround aa1f120ad3a29c27cc41d581cda3751c59343cce
NeoBundleLock vim-togglecursor b1acd53f158e759a768b556c360107706bf34e5c
NeoBundleLock vim-web-indent 54deed9d8be918cec50f2a30b42330cca29b489f
NeoBundleLock vimproc 2300224d366642f4f8d6f88861535d4ccbe20143
